
Microsoft Visual Studio Solution File, Format Version 12.00
# Visual Studio Version 17
VisualStudioVersion = 17.14.36414.22 d17.14
MinimumVisualStudioVersion = 10.0.40219.1
Project("{8BC9CEB8-8B4A-11D0-8D11-00A0C91BC942}") = "Problem 2 - About Me - Sergio Rodarte", "Problem 2 - About Me - Sergio Rodarte\Problem 2 - About Me - Sergio Rodarte.vcxproj", "{B03BCF29-6662-49AC-8945-E31BE5205877}"
EndProject
Global
	GlobalSection(SolutionConfigurationPlatforms) = preSolution
		Debug|x64 = Debug|x64
		Debug|x86 = Debug|x86
		Release|x64 = Release|x64
		Release|x86 = Release|x86
	EndGlobalSection
	GlobalSection(ProjectConfigurationPlatforms) = postSolution
		{B03BCF29-6662-49AC-8945-E31BE5205877}.Debug|x64.ActiveCfg = Debug|x64
		{B03BCF29-6662-49AC-8945-E31BE5205877}.Debug|x64.Build.0 = Debug|x64
		{B03BCF29-6662-49AC-8945-E31BE5205877}.Debug|x86.ActiveCfg = Debug|Win32
		{B03BCF29-6662-49AC-8945-E31BE5205877}.Debug|x86.Build.0 = Debug|Win32
		{B03BCF29-6662-49AC-8945-E31BE5205877}.Release|x64.ActiveCfg = Release|x64
		{B03BCF29-6662-49AC-8945-E31BE5205877}.Release|x64.Build.0 = Release|x64
		{B03BCF29-6662-49AC-8945-E31BE5205877}.Release|x86.ActiveCfg = Release|Win32
		{B03BCF29-6662-49AC-8945-E31BE5205877}.Release|x86.Build.0 = Release|Win32
	EndGlobalSection
	GlobalSection(SolutionProperties) = preSolution
		HideSolutionNode = FALSE
	EndGlobalSection
	GlobalSection(ExtensibilityGlobals) = postSolution
		SolutionGuid = {6D06A1C4-F46D-4B24-8CF0-D5DABFC6B41A}
	EndGlobalSection
EndGlobal
